<?xml version="1.0" encoding="UTF-8" standalone="yes" ?>
<CodeBlocks_project_file>
	<FileVersion major="1" minor="6" />
	<Project>
		<Option title="eob2" />
		<Option pch_mode="2" />
		<Option compiler="gcc" />
		<Build>
			<Target title="Debug">
				<Option output="bin/Debug/eob2" prefix_auto="1" extension_auto="1" />
				<Option object_output="obj/Debug/" />
				<Option type="0" />
				<Option compiler="gcc" />
				<Compiler>
					<Add option="-g" />
				</Compiler>
				<Linker>
					<Add library="X11" />
				</Linker>
			</Target>
			<Target title="Release">
				<Option output="bin/Release/eob2" prefix_auto="1" extension_auto="1" />
				<Option object_output="obj/Release/" />
				<Option type="1" />
				<Option compiler="gcc" />
				<Compiler>
					<Add option="-O2" />
				</Compiler>
				<Linker>
					<Add option="-s" />
				</Linker>
			</Target>
		</Build>
		<Compiler>
			<Add option="-Wall" />
			<Add option="-std=c++17" />
		</Compiler>
		<Linker>
			<Add option="-static" />
		</Linker>
		<Unit filename="eob2/ability.cpp" />
		<Unit filename="eob2/ability.h" />
		<Unit filename="eob2/action.cpp" />
		<Unit filename="eob2/action.h" />
		<Unit filename="eob2/adat.h" />
		<Unit filename="eob2/advancement.h" />
		<Unit filename="eob2/aflags.h" />
		<Unit filename="eob2/answers.cpp" />
		<Unit filename="eob2/answers.h" />
		<Unit filename="eob2/array.cpp" />
		<Unit filename="eob2/array.h" />
		<Unit filename="eob2/avatar.cpp" />
		<Unit filename="eob2/avatar.h" />
		<Unit filename="eob2/bsdata.h" />
		<Unit filename="eob2/bsreq.cpp" />
		<Unit filename="eob2/bsreq.h" />
		<Unit filename="eob2/cflags.h" />
		<Unit filename="eob2/class.h" />
		<Unit filename="eob2/color.cpp" />
		<Unit filename="eob2/color.h" />
		<Unit filename="eob2/console.cpp" />
		<Unit filename="eob2/console.h" />
		<Unit filename="eob2/cpp.hint" />
		<Unit filename="eob2/creature.cpp" />
		<Unit filename="eob2/creature.h" />
		<Unit filename="eob2/damage.cpp" />
		<Unit filename="eob2/damage.h" />
		<Unit filename="eob2/dice.cpp" />
		<Unit filename="eob2/dice.h" />
		<Unit filename="eob2/direction.cpp" />
		<Unit filename="eob2/direction.h" />
		<Unit filename="eob2/draw.cpp" />
		<Unit filename="eob2/draw.h" />
		<Unit filename="eob2/draw_text.cpp" />
		<Unit filename="eob2/eob2.vcxproj" />
		<Unit filename="eob2/eob2.vcxproj.filters" />
		<Unit filename="eob2/feat.cpp" />
		<Unit filename="eob2/feat.h" />
		<Unit filename="eob2/flagable.h" />
		<Unit filename="eob2/formula.cpp" />
		<Unit filename="eob2/formula.h" />
		<Unit filename="eob2/gender.cpp" />
		<Unit filename="eob2/gender.h" />
		<Unit filename="eob2/hotkey.h" />
		<Unit filename="eob2/io_bsreq.cpp" />
		<Unit filename="eob2/io_stream.cpp" />
		<Unit filename="eob2/io_stream.h" />
		<Unit filename="eob2/item.cpp" />
		<Unit filename="eob2/item.h" />
		<Unit filename="eob2/levelable.cpp" />
		<Unit filename="eob2/levelable.h" />
		<Unit filename="eob2/list.cpp" />
		<Unit filename="eob2/list.h" />
		<Unit filename="eob2/locale.cpp" />
		<Unit filename="eob2/location.cpp" />
		<Unit filename="eob2/location.h" />
		<Unit filename="eob2/log.cpp" />
		<Unit filename="eob2/log.h" />
		<Unit filename="eob2/logvalue.cpp" />
		<Unit filename="eob2/logvalue.h" />
		<Unit filename="eob2/main.cpp" />
		<Unit filename="eob2/math.cpp" />
		<Unit filename="eob2/math.h" />
		<Unit filename="eob2/metadata.cpp" />
		<Unit filename="eob2/modifier.cpp" />
		<Unit filename="eob2/modifier.h" />
		<Unit filename="eob2/my_initialize_list.h" />
		<Unit filename="eob2/nameable.cpp" />
		<Unit filename="eob2/nameable.h" />
		<Unit filename="eob2/nix_draw.cpp" />
		<Unit filename="eob2/nix_io_file.cpp" />
		<Unit filename="eob2/nix_time.cpp" />
		<Unit filename="eob2/npc.cpp" />
		<Unit filename="eob2/npc.h" />
		<Unit filename="eob2/party.cpp" />
		<Unit filename="eob2/party.h" />
		<Unit filename="eob2/picture.cpp" />
		<Unit filename="eob2/picture.h" />
		<Unit filename="eob2/point.cpp" />
		<Unit filename="eob2/point.h" />
		<Unit filename="eob2/pushvalue.h" />
		<Unit filename="eob2/race.h" />
		<Unit filename="eob2/rand.h" />
		<Unit filename="eob2/randomeffect.cpp" />
		<Unit filename="eob2/randomeffect.h" />
		<Unit filename="eob2/rect.h" />
		<Unit filename="eob2/resid.cpp" />
		<Unit filename="eob2/resid.h" />
		<Unit filename="eob2/scale.cpp" />
		<Unit filename="eob2/script.cpp" />
		<Unit filename="eob2/script.h" />
		<Unit filename="eob2/scripting.cpp" />
		<Unit filename="eob2/seqlink.h" />
		<Unit filename="eob2/slice.h" />
		<Unit filename="eob2/sliceu.h" />
		<Unit filename="eob2/speech.cpp" />
		<Unit filename="eob2/speech.h" />
		<Unit filename="eob2/spell.h" />
		<Unit filename="eob2/sprite_util.h" />
		<Unit filename="eob2/statable.h" />
		<Unit filename="eob2/stringbuilder.cpp" />
		<Unit filename="eob2/stringbuilder.h" />
		<Unit filename="eob2/szdup.cpp" />
		<Unit filename="eob2/textscript.cpp" />
		<Unit filename="eob2/textscript.h" />
		<Unit filename="eob2/timer.h" />
		<Unit filename="eob2/unit.cpp" />
		<Unit filename="eob2/unit.h" />
		<Unit filename="eob2/variant.cpp" />
		<Unit filename="eob2/variant.h" />
		<Unit filename="eob2/vector.h" />
		<Unit filename="eob2/view.cpp" />
		<Unit filename="eob2/view.h" />
		<Unit filename="eob2/view_dialog.cpp" />
		<Unit filename="eob2/view_focus.cpp" />
		<Unit filename="eob2/view_focus.h" />
		<Unit filename="eob2/wearable.cpp" />
		<Unit filename="eob2/wearable.h" />
		<Unit filename="eob2/win.h" />
		<Extensions />
	</Project>
</CodeBlocks_project_file>
