<?xml version="1.0" encoding="utf-8"?>
<Project ToolsVersion="4.0" xmlns="http://schemas.microsoft.com/developer/msbuild/2003">
  <ItemGroup>
    <Filter Include="logic">
      <UniqueIdentifier>{bad1ca87-23e8-4256-87b0-0f9aad036895}</UniqueIdentifier>
    </Filter>
    <Filter Include="support">
      <UniqueIdentifier>{adcd349f-4899-41fd-922b-227789a5be0e}</UniqueIdentifier>
    </Filter>
    <Filter Include="platform">
      <UniqueIdentifier>{d42c1dcc-946d-4fb1-8629-ad98befaf37f}</UniqueIdentifier>
    </Filter>
    <Filter Include="rules">
      <UniqueIdentifier>{43afc25c-041d-4b25-bcb8-c2465084ca77}</UniqueIdentifier>
    </Filter>
    <Filter Include="locale">
      <UniqueIdentifier>{aaeec2c7-2126-4873-a9df-f65511a697fe}</UniqueIdentifier>
    </Filter>
    <Filter Include="util">
      <UniqueIdentifier>{92473ad3-c53f-43ec-95ce-ca21ab36e21f}</UniqueIdentifier>
    </Filter>
  </ItemGroup>
  <ItemGroup>
    <ClCompile Include="ability.cpp">
      <Filter>logic</Filter>
    </ClCompile>
    <ClCompile Include="creature.cpp">
      <Filter>logic</Filter>
    </ClCompile>
    <ClCompile Include="main.cpp">
      <Filter>logic</Filter>
    </ClCompile>
    <ClCompile Include="dice.cpp">
      <Filter>support</Filter>
    </ClCompile>
    <ClCompile Include="math.cpp">
      <Filter>support</Filter>
    </ClCompile>
    <ClCompile Include="nameable.cpp">
      <Filter>support</Filter>
    </ClCompile>
    <ClCompile Include="stringbuilder.cpp">
      <Filter>support</Filter>
    </ClCompile>
    <ClCompile Include="locale.cpp">
      <Filter>support</Filter>
    </ClCompile>
    <ClCompile Include="array.cpp">
      <Filter>support</Filter>
    </ClCompile>
    <ClCompile Include="io_stream.cpp">
      <Filter>support</Filter>
    </ClCompile>
    <ClCompile Include="log.cpp">
      <Filter>support</Filter>
    </ClCompile>
    <ClCompile Include="win_io_file.cpp">
      <Filter>platform</Filter>
    </ClCompile>
    <ClCompile Include="szdup.cpp">
      <Filter>support</Filter>
    </ClCompile>
    <ClCompile Include="levelable.cpp">
      <Filter>logic</Filter>
    </ClCompile>
    <ClCompile Include="party.cpp">
      <Filter>logic</Filter>
    </ClCompile>
    <ClCompile Include="draw.cpp">
      <Filter>support</Filter>
    </ClCompile>
    <ClCompile Include="color.cpp">
      <Filter>support</Filter>
    </ClCompile>
    <ClCompile Include="point.cpp">
      <Filter>support</Filter>
    </ClCompile>
    <ClCompile Include="win_draw.cpp">
      <Filter>platform</Filter>
    </ClCompile>
    <ClCompile Include="win_time.cpp">
      <Filter>platform</Filter>
    </ClCompile>
    <ClCompile Include="scale.cpp">
      <Filter>support</Filter>
    </ClCompile>
    <ClCompile Include="resid.cpp">
      <Filter>logic</Filter>
    </ClCompile>
    <ClCompile Include="view.cpp">
      <Filter>logic</Filter>
    </ClCompile>
    <ClCompile Include="answers.cpp">
      <Filter>support</Filter>
    </ClCompile>
    <ClCompile Include="view_focus.cpp">
      <Filter>logic</Filter>
    </ClCompile>
    <ClCompile Include="direction.cpp">
      <Filter>logic</Filter>
    </ClCompile>
    <ClCompile Include="avatar.cpp">
      <Filter>logic</Filter>
    </ClCompile>
    <ClCompile Include="bsreq.cpp">
      <Filter>support</Filter>
    </ClCompile>
    <ClCompile Include="variant.cpp">
      <Filter>support</Filter>
    </ClCompile>
    <ClCompile Include="metadata.cpp">
      <Filter>logic</Filter>
    </ClCompile>
    <ClCompile Include="io_bsreq.cpp">
      <Filter>support</Filter>
    </ClCompile>
    <ClCompile Include="logvalue.cpp">
      <Filter>support</Filter>
    </ClCompile>
    <ClCompile Include="feat.cpp">
      <Filter>logic</Filter>
    </ClCompile>
    <ClCompile Include="picture.cpp">
      <Filter>logic</Filter>
    </ClCompile>
    <ClCompile Include="script.cpp">
      <Filter>support</Filter>
    </ClCompile>
    <ClCompile Include="scripting.cpp">
      <Filter>logic</Filter>
    </ClCompile>
    <ClCompile Include="modifier.cpp">
      <Filter>logic</Filter>
    </ClCompile>
    <ClCompile Include="item.cpp">
      <Filter>logic</Filter>
    </ClCompile>
    <ClCompile Include="damage.cpp">
      <Filter>logic</Filter>
    </ClCompile>
    <ClCompile Include="wearable.cpp">
      <Filter>logic</Filter>
    </ClCompile>
    <ClCompile Include="randomeffect.cpp">
      <Filter>logic</Filter>
    </ClCompile>
    <ClCompile Include="main_util.cpp">
      <Filter>util</Filter>
    </ClCompile>
    <ClCompile Include="sprite_util.cpp">
      <Filter>util</Filter>
    </ClCompile>
    <ClCompile Include="surface_util.cpp">
      <Filter>util</Filter>
    </ClCompile>
    <ClCompile Include="draw_text.cpp">
      <Filter>support</Filter>
    </ClCompile>
    <ClCompile Include="npc.cpp">
      <Filter>logic</Filter>
    </ClCompile>
    <ClCompile Include="console.cpp">
      <Filter>logic</Filter>
    </ClCompile>
    <ClCompile Include="speech.cpp">
      <Filter>support</Filter>
    </ClCompile>
    <ClCompile Include="unit.cpp">
      <Filter>logic</Filter>
    </ClCompile>
    <ClCompile Include="location.cpp">
      <Filter>logic</Filter>
    </ClCompile>
    <ClCompile Include="gender.cpp">
      <Filter>support</Filter>
    </ClCompile>
    <ClCompile Include="list.cpp">
      <Filter>support</Filter>
    </ClCompile>
    <ClCompile Include="textscript.cpp">
      <Filter>logic</Filter>
    </ClCompile>
    <ClCompile Include="collection.cpp">
      <Filter>support</Filter>
    </ClCompile>
    <ClCompile Include="view_dialog.cpp">
      <Filter>logic</Filter>
    </ClCompile>
  </ItemGroup>
  <ItemGroup>
    <ClInclude Include="ability.h">
      <Filter>logic</Filter>
    </ClInclude>
    <ClInclude Include="creature.h">
      <Filter>logic</Filter>
    </ClInclude>
    <ClInclude Include="adat.h">
      <Filter>support</Filter>
    </ClInclude>
    <ClInclude Include="dice.h">
      <Filter>support</Filter>
    </ClInclude>
    <ClInclude Include="math.h">
      <Filter>support</Filter>
    </ClInclude>
    <ClInclude Include="pushvalue.h">
      <Filter>support</Filter>
    </ClInclude>
    <ClInclude Include="rand.h">
      <Filter>support</Filter>
    </ClInclude>
    <ClInclude Include="slice.h">
      <Filter>support</Filter>
    </ClInclude>
    <ClInclude Include="levelable.h">
      <Filter>logic</Filter>
    </ClInclude>
    <ClInclude Include="feat.h">
      <Filter>logic</Filter>
    </ClInclude>
    <ClInclude Include="statable.h">
      <Filter>logic</Filter>
    </ClInclude>
    <ClInclude Include="class.h">
      <Filter>logic</Filter>
    </ClInclude>
    <ClInclude Include="nameable.h">
      <Filter>support</Filter>
    </ClInclude>
    <ClInclude Include="stringbuilder.h">
      <Filter>support</Filter>
    </ClInclude>
    <ClInclude Include="array.h">
      <Filter>support</Filter>
    </ClInclude>
    <ClInclude Include="io_stream.h">
      <Filter>support</Filter>
    </ClInclude>
    <ClInclude Include="log.h">
      <Filter>support</Filter>
    </ClInclude>
    <ClInclude Include="win.h">
      <Filter>platform</Filter>
    </ClInclude>
    <ClInclude Include="bsdata.h">
      <Filter>support</Filter>
    </ClInclude>
    <ClInclude Include="unit.h">
      <Filter>logic</Filter>
    </ClInclude>
    <ClInclude Include="draw.h">
      <Filter>support</Filter>
    </ClInclude>
    <ClInclude Include="color.h">
      <Filter>support</Filter>
    </ClInclude>
    <ClInclude Include="point.h">
      <Filter>support</Filter>
    </ClInclude>
    <ClInclude Include="rect.h">
      <Filter>support</Filter>
    </ClInclude>
    <ClInclude Include="seqlink.h">
      <Filter>support</Filter>
    </ClInclude>
    <ClInclude Include="timer.h">
      <Filter>support</Filter>
    </ClInclude>
    <ClInclude Include="resid.h">
      <Filter>logic</Filter>
    </ClInclude>
    <ClInclude Include="answers.h">
      <Filter>support</Filter>
    </ClInclude>
    <ClInclude Include="view.h">
      <Filter>logic</Filter>
    </ClInclude>
    <ClInclude Include="view_focus.h">
      <Filter>logic</Filter>
    </ClInclude>
    <ClInclude Include="direction.h">
      <Filter>logic</Filter>
    </ClInclude>
    <ClInclude Include="my_initialize_list.h">
      <Filter>support</Filter>
    </ClInclude>
    <ClInclude Include="cflags.h">
      <Filter>support</Filter>
    </ClInclude>
    <ClInclude Include="race.h">
      <Filter>logic</Filter>
    </ClInclude>
    <ClInclude Include="avatar.h">
      <Filter>logic</Filter>
    </ClInclude>
    <ClInclude Include="bsreq.h">
      <Filter>support</Filter>
    </ClInclude>
    <ClInclude Include="variant.h">
      <Filter>support</Filter>
    </ClInclude>
    <ClInclude Include="vector.h">
      <Filter>support</Filter>
    </ClInclude>
    <ClInclude Include="logvalue.h">
      <Filter>support</Filter>
    </ClInclude>
    <ClInclude Include="aflags.h">
      <Filter>support</Filter>
    </ClInclude>
    <ClInclude Include="item.h">
      <Filter>logic</Filter>
    </ClInclude>
    <ClInclude Include="picture.h">
      <Filter>logic</Filter>
    </ClInclude>
    <ClInclude Include="advancement.h">
      <Filter>logic</Filter>
    </ClInclude>
    <ClInclude Include="script.h">
      <Filter>support</Filter>
    </ClInclude>
    <ClInclude Include="modifier.h">
      <Filter>logic</Filter>
    </ClInclude>
    <ClInclude Include="wearable.h">
      <Filter>logic</Filter>
    </ClInclude>
    <ClInclude Include="damage.h">
      <Filter>logic</Filter>
    </ClInclude>
    <ClInclude Include="spell.h">
      <Filter>logic</Filter>
    </ClInclude>
    <ClInclude Include="randomeffect.h">
      <Filter>logic</Filter>
    </ClInclude>
    <ClInclude Include="sprite_util.h">
      <Filter>util</Filter>
    </ClInclude>
    <ClInclude Include="npc.h">
      <Filter>logic</Filter>
    </ClInclude>
    <ClInclude Include="console.h">
      <Filter>logic</Filter>
    </ClInclude>
    <ClInclude Include="speech.h">
      <Filter>support</Filter>
    </ClInclude>
    <ClInclude Include="location.h">
      <Filter>logic</Filter>
    </ClInclude>
    <ClInclude Include="party.h">
      <Filter>logic</Filter>
    </ClInclude>
    <ClInclude Include="gender.h">
      <Filter>support</Filter>
    </ClInclude>
    <ClInclude Include="list.h">
      <Filter>support</Filter>
    </ClInclude>
    <ClInclude Include="hotkey.h">
      <Filter>support</Filter>
    </ClInclude>
    <ClInclude Include="textscript.h">
      <Filter>logic</Filter>
    </ClInclude>
    <ClInclude Include="collection.h">
      <Filter>support</Filter>
    </ClInclude>
    <ClInclude Include="action.h">
      <Filter>logic</Filter>
    </ClInclude>
  </ItemGroup>
  <ItemGroup>
    <Text Include="..\rules\Races.txt">
      <Filter>rules</Filter>
    </Text>
    <Text Include="..\rules\Core.txt">
      <Filter>rules</Filter>
    </Text>
    <Text Include="..\errors.txt">
      <Filter>rules</Filter>
    </Text>
    <Text Include="..\rules\Avatars.txt">
      <Filter>rules</Filter>
    </Text>
    <Text Include="..\rules\Classes.txt">
      <Filter>rules</Filter>
    </Text>
    <Text Include="..\rules\Items.txt">
      <Filter>rules</Filter>
    </Text>
    <Text Include="..\names\en\Names.txt">
      <Filter>locale</Filter>
    </Text>
    <Text Include="..\rules\Advance.txt">
      <Filter>rules</Filter>
    </Text>
    <Text Include="..\rules\Spells.txt">
      <Filter>rules</Filter>
    </Text>
    <Text Include="..\locale\en\Races.txt">
      <Filter>locale</Filter>
    </Text>
    <Text Include="..\locale\en\UnknownNames.txt">
      <Filter>locale</Filter>
    </Text>
    <Text Include="..\locale\en\Abilities.txt">
      <Filter>locale</Filter>
    </Text>
    <Text Include="..\locale\en\Items.txt">
      <Filter>locale</Filter>
    </Text>
    <Text Include="..\rules\Locations.txt">
      <Filter>rules</Filter>
    </Text>
    <Text Include="..\locale\en\Campaign.txt">
      <Filter>locale</Filter>
    </Text>
    <Text Include="..\locale\en\Actions.txt">
      <Filter>locale</Filter>
    </Text>
    <Text Include="..\names\en\Talk.txt">
      <Filter>locale</Filter>
    </Text>
    <Text Include="..\LICENSE.txt">
      <Filter>locale</Filter>
    </Text>
    <Text Include="..\locale\en\Spells.txt">
      <Filter>locale</Filter>
    </Text>
  </ItemGroup>
  <ItemGroup>
    <None Include="cpp.hint">
      <Filter>support</Filter>
    </None>
    <None Include="..\README.md">
      <Filter>locale</Filter>
    </None>
  </ItemGroup>
</Project>